// !$*UTF8*$!
{
	archiveVersion = 1;
	classes = {
	};
	objectVersion = 48;
	objects = {

/* Begin PBXBuildFile section */
		0D2F036352237F28AE0C95AF /* Pods_Chat_UI.framework in Frameworks */ = {isa = PBXBuildFile; fileRef = 2410DED8023C412D5CBE7571 /* Pods_Chat_UI.framework */; };
		B30328F8202979B50086C655 /* AppDelegate.swift in Sources */ = {isa = PBXBuildFile; fileRef = B30328F7202979B50086C655 /* AppDelegate.swift */; };
		B30328FA202979B50086C655 /* ViewController.swift in Sources */ = {isa = PBXBuildFile; fileRef = B30328F9202979B50086C655 /* ViewController.swift */; };
		B30328FD202979B50086C655 /* Main.storyboard in Resources */ = {isa = PBXBuildFile; fileRef = B30328FB202979B50086C655 /* Main.storyboard */; };
		B30328FF202979B50086C655 /* Assets.xcassets in Resources */ = {isa = PBXBuildFile; fileRef = B30328FE202979B50086C655 /* Assets.xcassets */; };
		B3032902202979B50086C655 /* LaunchScreen.storyboard in Resources */ = {isa = PBXBuildFile; fileRef = B3032900202979B50086C655 /* LaunchScreen.storyboard */; };
		B303290A2029C8930086C655 /* MessageTableViewCell.swift in Sources */ = {isa = PBXBuildFile; fileRef = B30329092029C8930086C655 /* MessageTableViewCell.swift */; };
		B3ECA17C202B009100B1F3D6 /* IQKeyboardManagerSwift.framework in Frameworks */ = {isa = PBXBuildFile; fileRef = B3ECA17D202B009100B1F3D6 /* IQKeyboardManagerSwift.framework */; };
/* End PBXBuildFile section */

/* Begin PBXFileReference section */
		0330CE208DF8426E88449352 /* Pods-Chat UI.debug.xcconfig */ = {isa = PBXFileReference; includeInIndex = 1; lastKnownFileType = text.xcconfig; name = "Pods-Chat UI.debug.xcconfig"; path = "Pods/Target Support Files/Pods-Chat UI/Pods-Chat UI.debug.xcconfig"; sourceTree = "<group>"; };
		1DACB1D9592314F6D85035AE /* Pods-Chat UI.release.xcconfig */ = {isa = PBXFileReference; includeInIndex = 1; lastKnownFileType = text.xcconfig; name = "Pods-Chat UI.release.xcconfig"; path = "Pods/Target Support Files/Pods-Chat UI/Pods-Chat UI.release.xcconfig"; sourceTree = "<group>"; };
		2410DED8023C412D5CBE7571 /* Pods_Chat_UI.framework */ = {isa = PBXFileReference; explicitFileType = wrapper.framework; includeInIndex = 0; path = Pods_Chat_UI.framework; sourceTree = BUILT_PRODUCTS_DIR; };
		B30328F4202979B50086C655 /* Chat UI.app */ = {isa = PBXFileReference; explicitFileType = wrapper.application; includeInIndex = 0; path = "Chat UI.app"; sourceTree = BUILT_PRODUCTS_DIR; };
		B30328F7202979B50086C655 /* AppDelegate.swift */ = {isa = PBXFileReference; lastKnownFileType = sourcecode.swift; path = AppDelegate.swift; sourceTree = "<group>"; };
		B30328F9202979B50086C655 /* ViewController.swift */ = {isa = PBXFileReference; lastKnownFileType = sourcecode.swift; path = ViewController.swift; sourceTree = "<group>"; };
		B30328FC202979B50086C655 /* Base */ = {isa = PBXFileReference; lastKnownFileType = file.storyboard; name = Base; path = Base.lproj/Main.storyboard; sourceTree = "<group>"; };
		B30328FE202979B50086C655 /* Assets.xcassets */ = {isa = PBXFileReference; lastKnownFileType = folder.assetcatalog; path = Assets.xcassets; sourceTree = "<group>"; };
		B3032901202979B50086C655 /* Base */ = {isa = PBXFileReference; lastKnownFileType = file.storyboard; name = Base; path = Base.lproj/LaunchScreen.storyboard; sourceTree = "<group>"; };
		B3032903202979B50086C655 /* Info.plist */ = {isa = PBXFileReference; lastKnownFileType = text.plist.xml; path = Info.plist; sourceTree = "<group>"; };
		B30329092029C8930086C655 /* MessageTableViewCell.swift */ = {isa = PBXFileReference; lastKnownFileType = sourcecode.swift; path = MessageTableViewCell.swift; sourceTree = "<group>"; };
		B3ECA17D202B009100B1F3D6 /* IQKeyboardManagerSwift.framework */ = {isa = PBXFileReference; explicitFileType = wrapper.framework; path = IQKeyboardManagerSwift.framework; sourceTree = BUILT_PRODUCTS_DIR; };
		B3ECA17E202B011200B1F3D6 /* IQKeyboardManagerSwift.framework */ = {isa = PBXFileReference; explicitFileType = wrapper.framework; path = IQKeyboardManagerSwift.framework; sourceTree = BUILT_PRODUCTS_DIR; };
/* End PBXFileReference section */

/* Begin PBXFrameworksBuildPhase section */
		B30328F1202979B40086C655 /* Frameworks */ = {
			isa = PBXFrameworksBuildPhase;
			buildActionMask = 2147483647;
			files = (
				B3ECA17C202B009100B1F3D6 /* IQKeyboardManagerSwift.framework in Frameworks */,
				0D2F036352237F28AE0C95AF /* Pods_Chat_UI.framework in Frameworks */,
			);
			runOnlyForDeploymentPostprocessing = 0;
		};
/* End PBXFrameworksBuildPhase section */

/* Begin PBXGroup section */
		3CA67ADC504F407E8D0572DC /* Frameworks */ = {
			isa = PBXGroup;
			children = (
				B3ECA17D202B009100B1F3D6 /* IQKeyboardManagerSwift.framework */,
				2410DED8023C412D5CBE7571 /* Pods_Chat_UI.framework */,
			);
			name = Frameworks;
			sourceTree = "<group>";
		};
		A8A482CBE651EAD0E6A00C31 /* Pods */ = {
			isa = PBXGroup;
			children = (
				0330CE208DF8426E88449352 /* Pods-Chat UI.debug.xcconfig */,
				1DACB1D9592314F6D85035AE /* Pods-Chat UI.release.xcconfig */,
			);
			name = Pods;
			sourceTree = "<group>";
		};
		B30328EB202979B40086C655 = {
			isa = PBXGroup;
			children = (
				B3ECA17E202B011200B1F3D6 /* IQKeyboardManagerSwift.framework */,
				B30328F6202979B50086C655 /* Chat UI */,
				B30328F5202979B50086C655 /* Products */,
				A8A482CBE651EAD0E6A00C31 /* Pods */,
				3CA67ADC504F407E8D0572DC /* Frameworks */,
			);
			sourceTree = "<group>";
		};
		B30328F5202979B50086C655 /* Products */ = {
			isa = PBXGroup;
			children = (
				B30328F4202979B50086C655 /* Chat UI.app */,
			);
			name = Products;
			sourceTree = "<group>";
		};
		B30328F6202979B50086C655 /* Chat UI */ = {
			isa = PBXGroup;
			children = (
				B30328F7202979B50086C655 /* AppDelegate.swift */,
				B30328F9202979B50086C655 /* ViewController.swift */,
				B30329092029C8930086C655 /* MessageTableViewCell.swift */,
				B30328FB202979B50086C655 /* Main.storyboard */,
				B30328FE202979B50086C655 /* Assets.xcassets */,
				B3032900202979B50086C655 /* LaunchScreen.storyboard */,
				B3032903202979B50086C655 /* Info.plist */,
			);
			path = "Chat UI";
			sourceTree = "<group>";
		};
/* End PBXGroup section */

/* Begin PBXNativeTarget section */
		B30328F3202979B40086C655 /* Chat UI */ = {
			isa = PBXNativeTarget;
			buildConfigurationList = B3032906202979B50086C655 /* Build configuration list for PBXNativeTarget "Chat UI" */;
			buildPhases = (
				3BDDCE396E7631CB3AE00FD9 /* [CP] Check Pods Manifest.lock */,
				B30328F0202979B40086C655 /* Sources */,
				B30328F1202979B40086C655 /* Frameworks */,
				B30328F2202979B40086C655 /* Resources */,
				FE5FBB508CF3D91C0C6AB184 /* [CP] Embed Pods Frameworks */,
				EA31A3E90B0851143C654653 /* [CP] Copy Pods Resources */,
			);
			buildRules = (
			);
			dependencies = (
			);
			name = "Chat UI";
			productName = "Chat UI";
			productReference = B30328F4202979B50086C655 /* Chat UI.app */;
			productType = "com.apple.product-type.application";
		};
/* End PBXNativeTarget section */

/* Begin PBXProject section */
		B30328EC202979B40086C655 /* Project object */ = {
			isa = PBXProject;
			attributes = {
				LastSwiftUpdateCheck = 0920;
				LastUpgradeCheck = 0920;
				ORGANIZATIONNAME = JBSolutions;
				TargetAttributes = {
					B30328F3202979B40086C655 = {
						CreatedOnToolsVersion = 9.2;
						ProvisioningStyle = Automatic;
					};
				};
			};
			buildConfigurationList = B30328EF202979B40086C655 /* Build configuration list for PBXProject "Chat UI" */;
			compatibilityVersion = "Xcode 8.0";
			developmentRegion = en;
			hasScannedForEncodings = 0;
			knownRegions = (
				en,
				Base,
			);
			mainGroup = B30328EB202979B40086C655;
			productRefGroup = B30328F5202979B50086C655 /* Products */;
			projectDirPath = "";
			projectRoot = "";
			targets = (
				B30328F3202979B40086C655 /* Chat UI */,
			);
		};
/* End PBXProject section */

/* Begin PBXResourcesBuildPhase section */
		B30328F2202979B40086C655 /* Resources */ = {
			isa = PBXResourcesBuildPhase;
			buildActionMask = 2147483647;
			files = (
				B3032902202979B50086C655 /* LaunchScreen.storyboard in Resources */,
				B30328FF202979B50086C655 /* Assets.xcassets in Resources */,
				B30328FD202979B50086C655 /* Main.storyboard in Resources */,
			);
			runOnlyForDeploymentPostprocessing = 0;
		};
/* End PBXResourcesBuildPhase section */

/* Begin PBXShellScriptBuildPhase section */
		3BDDCE396E7631CB3AE00FD9 /* [CP] Check Pods Manifest.lock */ = {
			isa = PBXShellScriptBuildPhase;
			buildActionMask = 2147483647;
			files = (
			);
			inputPaths = (
				"${PODS_PODFILE_DIR_PATH}/Podfile.lock",
				"${PODS_ROOT}/Manifest.lock",
			);
			name = "[CP] Check Pods Manifest.lock";
			outputPaths = (
				"$(DERIVED_FILE_DIR)/Pods-Chat UI-checkManifestLockResult.txt",
			);
			runOnlyForDeploymentPostprocessing = 0;
			shellPath = /bin/sh;
			shellScript = "diff \"${PODS_PODFILE_DIR_PATH}/Podfile.lock\" \"${PODS_ROOT}/Manifest.lock\" > /dev/null\nif [ $? != 0 ] ; then\n    # print error to STDERR\n    echo \"error: The sandbox is not in sync with the Podfile.lock. Run 'pod install' or update your CocoaPods installation.\" >&2\n    exit 1\nfi\n# This output is used by Xcode 'outputs' to avoid re-running this script phase.\necho \"SUCCESS\" > \"${SCRIPT_OUTPUT_FILE_0}\"\n";
			showEnvVarsInLog = 0;
		};
		EA31A3E90B0851143C654653 /* [CP] Copy Pods Resources */ = {
			isa = PBXShellScriptBuildPhase;
			buildActionMask = 2147483647;
			files = (
			);
			inputPaths = (
			);
			name = "[CP] Copy Pods Resources";
			outputPaths = (
			);
			runOnlyForDeploymentPostprocessing = 0;
			shellPath = /bin/sh;
			shellScript = "\"${SRCROOT}/Pods/Target Support Files/Pods-Chat UI/Pods-Chat UI-resources.sh\"\n";
			showEnvVarsInLog = 0;
		};
		FE5FBB508CF3D91C0C6AB184 /* [CP] Embed Pods Frameworks */ = {
			isa = PBXShellScriptBuildPhase;
			buildActionMask = 2147483647;
			files = (
			);
			inputPaths = (
				"${SRCROOT}/Pods/Target Support Files/Pods-Chat UI/Pods-Chat UI-frameworks.sh",
				"${BUILT_PRODUCTS_DIR}/IQKeyboardManagerSwift/IQKeyboardManagerSwift.framework",
			);
			name = "[CP] Embed Pods Frameworks";
			outputPaths = (
				"${TARGET_BUILD_DIR}/${FRAMEWORKS_FOLDER_PATH}/IQKeyboardManagerSwift.framework",
			);
			runOnlyForDeploymentPostprocessing = 0;
			shellPath = /bin/sh;
			shellScript = "\"${SRCROOT}/Pods/Target Support Files/Pods-Chat UI/Pods-Chat UI-frameworks.sh\"\n";
			showEnvVarsInLog = 0;
		};
/* End PBXShellScriptBuildPhase section */

/* Begin PBXSourcesBuildPhase section */
		B30328F0202979B40086C655 /* Sources */ = {
			isa = PBXSourcesBuildPhase;
			buildActionMask = 2147483647;
			files = (
				B30328FA202979B50086C655 /* ViewController.swift in Sources */,
				B30328F8202979B50086C655 /* AppDelegate.swift in Sources */,
				B303290A2029C8930086C655 /* MessageTableViewCell.swift in Sources */,
			);
			runOnlyForDeploymentPostprocessing = 0;
		};
/* End PBXSourcesBuildPhase section */

/* Begin PBXVariantGroup section */
		B30328FB202979B50086C655 /* Main.storyboard */ = {
			isa = PBXVariantGroup;
			children = (
				B30328FC202979B50086C655 /* Base */,
			);
			name = Main.storyboard;
			sourceTree = "<group>";
		};
		B3032900202979B50086C655 /* LaunchScreen.storyboard */ = {
			isa = PBXVariantGroup;
			children = (
				B3032901202979B50086C655 /* Base */,
			);
			name = LaunchScreen.storyboard;
			sourceTree = "<group>";
		};
/* End PBXVariantGroup section */

/* Begin XCBuildConfiguration section */
		B3032904202979B50086C655 /* Debug */ = {
			isa = XCBuildConfiguration;
			buildSettings = {
				ALWAYS_SEARCH_USER_PATHS = NO;
				CLANG_ANALYZER_NONNULL = YES;
				CLANG_ANALYZER_NUMBER_OBJECT_CONVERSION = YES_AGGRESSIVE;
				CLANG_CXX_LANGUAGE_STANDARD = "gnu++14";
				CLANG_CXX_LIBRARY = "libc++";
				CLANG_ENABLE_MODULES = YES;
				CLANG_ENABLE_OBJC_ARC = YES;
				CLANG_WARN_BLOCK_CAPTURE_AUTORELEASING = YES;
				CLANG_WARN_BOOL_CONVERSION = YES;
				CLANG_WARN_COMMA = YES;
				CLANG_WARN_CONSTANT_CONVERSION = YES;
				CLANG_WARN_DIRECT_OBJC_ISA_USAGE = YES_ERROR;
				CLANG_WARN_DOCUMENTATION_COMMENTS = YES;
				CLANG_WARN_EMPTY_BODY = YES;
				CLANG_WARN_ENUM_CONVERSION = YES;
				CLANG_WARN_INFINITE_RECURSION = YES;
				CLANG_WARN_INT_CONVERSION = YES;
				CLANG_WARN_NON_LITERAL_NULL_CONVERSION = YES;
				CLANG_WARN_OBJC_LITERAL_CONVERSION = YES;
				CLANG_WARN_OBJC_ROOT_CLASS = YES_ERROR;
				CLANG_WARN_RANGE_LOOP_ANALYSIS = YES;
				CLANG_WARN_STRICT_PROTOTYPES = YES;
				CLANG_WARN_SUSPICIOUS_MOVE = YES;
				CLANG_WARN_UNGUARDED_AVAILABILITY = YES_AGGRESSIVE;
				CLANG_WARN_UNREACHABLE_CODE = YES;
				CLANG_WARN__DUPLICATE_METHOD_MATCH = YES;
				CODE_SIGN_IDENTITY = "iPhone Developer";
				COPY_PHASE_STRIP = NO;
				DEBUG_INFORMATION_FORMAT = dwarf;
				ENABLE_STRICT_OBJC_MSGSEND = YES;
				ENABLE_TESTABILITY = YES;
				GCC_C_LANGUAGE_STANDARD = gnu11;
				GCC_DYNAMIC_NO_PIC = NO;
				GCC_NO_COMMON_BLOCKS = YES;
				GCC_OPTIMIZATION_LEVEL = 0;
				GCC_PREPROCESSOR_DEFINITIONS = (
					"DEBUG=1",
					"$(inherited)",
				);
				GCC_WARN_64_TO_32_BIT_CONVERSION = YES;
				GCC_WARN_ABOUT_RETURN_TYPE = YES_ERROR;
				GCC_WARN_UNDECLARED_SELECTOR = YES;
				GCC_WARN_UNINITIALIZED_AUTOS = YES_AGGRESSIVE;
				GCC_WARN_UNUSED_FUNCTION = YES;
				GCC_WARN_UNUSED_VARIABLE = YES;
				IPHONEOS_DEPLOYMENT_TARGET = 11.2;
				MTL_ENABLE_DEBUG_INFO = YES;
				ONLY_ACTIVE_ARCH = YES;
				SDKROOT = iphoneos;
				SWIFT_ACTIVE_COMPILATION_CONDITIONS = DEBUG;
				SWIFT_OPTIMIZATION_LEVEL = "-Onone";
			};
			name = Debug;
		};
		B3032905202979B50086C655 /* Release */ = {
			isa = XCBuildConfiguration;
			buildSettings = {
				ALWAYS_SEARCH_USER_PATHS = NO;
				CLANG_ANALYZER_NONNULL = YES;
				CLANG_ANALYZER_NUMBER_OBJECT_CONVERSION = YES_AGGRESSIVE;
				CLANG_CXX_LANGUAGE_STANDARD = "gnu++14";
				CLANG_CXX_LIBRARY = "libc++";
				CLANG_ENABLE_MODULES = YES;
				CLANG_ENABLE_OBJC_ARC = YES;
				CLANG_WARN_BLOCK_CAPTURE_AUTORELEASING = YES;
				CLANG_WARN_BOOL_CONVERSION = YES;
				CLANG_WARN_COMMA = YES;
				CLANG_WARN_CONSTANT_CONVERSION = YES;
				CLANG_WARN_DIRECT_OBJC_ISA_USAGE = YES_ERROR;
				CLANG_WARN_DOCUMENTATION_COMMENTS = YES;
				CLANG_WARN_EMPTY_BODY = YES;
				CLANG_WARN_ENUM_CONVERSION = YES;
				CLANG_WARN_INFINITE_RECURSION = YES;
				CLANG_WARN_INT_CONVERSION = YES;
				CLANG_WARN_NON_LITERAL_NULL_CONVERSION = YES;
				CLANG_WARN_OBJC_LITERAL_CONVERSION = YES;
				CLANG_WARN_OBJC_ROOT_CLASS = YES_ERROR;
				CLANG_WARN_RANGE_LOOP_ANALYSIS = YES;
				CLANG_WARN_STRICT_PROTOTYPES = YES;
				CLANG_WARN_SUSPICIOUS_MOVE = YES;
				CLANG_WARN_UNGUARDED_AVAILABILITY = YES_AGGRESSIVE;
				CLANG_WARN_UNREACHABLE_CODE = YES;
				CLANG_WARN__DUPLICATE_METHOD_MATCH = YES;
				CODE_SIGN_IDENTITY = "iPhone Developer";
				COPY_PHASE_STRIP = NO;
				DEBUG_INFORMATION_FORMAT = "dwarf-with-dsym";
				ENABLE_NS_ASSERTIONS = NO;
				ENABLE_STRICT_OBJC_MSGSEND = YES;
				GCC_C_LANGUAGE_STANDARD = gnu11;
				GCC_NO_COMMON_BLOCKS = YES;
				GCC_WARN_64_TO_32_BIT_CONVERSION = YES;
				GCC_WARN_ABOUT_RETURN_TYPE = YES_ERROR;
				GCC_WARN_UNDECLARED_SELECTOR = YES;
				GCC_WARN_UNINITIALIZED_AUTOS = YES_AGGRESSIVE;
				GCC_WARN_UNUSED_FUNCTION = YES;
				GCC_WARN_UNUSED_VARIABLE = YES;
				IPHONEOS_DEPLOYMENT_TARGET = 11.2;
				MTL_ENABLE_DEBUG_INFO = NO;
				SDKROOT = iphoneos;
				SWIFT_OPTIMIZATION_LEVEL = "-Owholemodule";
				VALIDATE_PRODUCT = YES;
			};
			name = Release;
		};
		B3032907202979B50086C655 /* Debug */ = {
			isa = XCBuildConfiguration;
			baseConfigurationReference = 0330CE208DF8426E88449352 /* Pods-Chat UI.debug.xcconfig */;
			buildSettings = {
				ASSETCATALOG_COMPILER_APPICON_NAME = AppIcon;
				CODE_SIGN_STYLE = Automatic;
				DEVELOPMENT_TEAM = "";
				INFOPLIST_FILE = "Chat UI/Info.plist";
				IPHONEOS_DEPLOYMENT_TARGET = 11.0;
				LD_RUNPATH_SEARCH_PATHS = "$(inherited) @executable_path/Frameworks";
				PRODUCT_BUNDLE_IDENTIFIER = com.globesynctechnologies.chat;
				PRODUCT_NAME = "$(TARGET_NAME)";
				SWIFT_VERSION = 4.0;
				TARGETED_DEVICE_FAMILY = "1,2";
			};
			name = Debug;
		};
		B3032908202979B50086C655 /* Release */ = {
			isa = XCBuildConfiguration;
			baseConfigurationReference = 1DACB1D9592314F6D85035AE /* Pods-Chat UI.release.xcconfig */;
			buildSettings = {
				ASSETCATALOG_COMPILER_APPICON_NAME = AppIcon;
				CODE_SIGN_STYLE = Automatic;
				DEVELOPMENT_TEAM = "";
				INFOPLIST_FILE = "Chat UI/Info.plist";
				IPHONEOS_DEPLOYMENT_TARGET = 11.0;
				LD_RUNPATH_SEARCH_PATHS = "$(inherited) @executable_path/Frameworks";
				PRODUCT_BUNDLE_IDENTIFIER = com.globesynctechnologies.chat;
				PRODUCT_NAME = "$(TARGET_NAME)";
				SWIFT_VERSION = 4.0;
				TARGETED_DEVICE_FAMILY = "1,2";
			};
			name = Release;
		};
/* End XCBuildConfiguration section */

/* Begin XCConfigurationList section */
		B30328EF202979B40086C655 /* Build configuration list for PBXProject "Chat UI" */ = {
			isa = XCConfigurationList;
			buildConfigurations = (
				B3032904202979B50086C655 /* Debug */,
				B3032905202979B50086C655 /* Release */,
			);
			defaultConfigurationIsVisible = 0;
			defaultConfigurationName = Release;
		};
		B3032906202979B50086C655 /* Build configuration list for PBXNativeTarget "Chat UI" */ = {
			isa = XCConfigurationList;
			buildConfigurations = (
				B3032907202979B50086C655 /* Debug */,
				B3032908202979B50086C655 /* Release */,
			);
			defaultConfigurationIsVisible = 0;
			defaultConfigurationName = Release;
		};
/* End XCConfigurationList section */
	};
	rootObject = B30328EC202979B40086C655 /* Project object */;
}
